Microsoft Visual Studio Solution File, Format Version 11.00
# Visual Studio 2010
Project("{F184B08F-C81C-45F6-A57F-5ABD9991F28F}") = "GenerateUserFriendlyId.Module", "GenerateUserFriendlyId.Module\GenerateUserFriendlyId.Module.vbproj", "{484A8217-DD6B-4E8F-B47E-F1F64D03BBB6}"
EndProject
Project("{2150E333-8FDC-42A3-9474-1A3956D46DE8}") = "EasyTests", "EasyTests", "{8E744393-7144-4AE6-A8B7-94C96C22254B}"
	ProjectSection(SolutionItems) = preProject
		GenerateUserFriendlyId.EasyTests\Config.xml = GenerateUserFriendlyId.EasyTests\Config.xml
		GenerateUserFriendlyId.EasyTests\Test.ets = GenerateUserFriendlyId.EasyTests\Test.ets
	EndProjectSection
EndProject
Project("{F184B08F-C81C-45F6-A57F-5ABD9991F28F}") = "Demo.Web", "Demo.Web\Demo.Web.vbproj", "{A1D8532E-17AD-4DB0-9660-F2DB4EBDFC6A}"
EndProject
Project("{F184B08F-C81C-45F6-A57F-5ABD9991F28F}") = "Demo.Win", "Demo.Win\Demo.Win.vbproj", "{9DFE1DBF-57B9-40F0-B736-9A4EE6FE10AE}"
EndProject
Project("{F184B08F-C81C-45F6-A57F-5ABD9991F28F}") = "Demo.Module", "Demo.Module\Demo.Module.vbproj", "{88B79C9A-D386-4F1A-A63C-0E9243DFE2C3}"
EndProject
Global
	GlobalSection(SolutionConfigurationPlatforms) = preSolution
		Debug|Any CPU = Debug|Any CPU
		EasyTest|Any CPU = EasyTest|Any CPU
		Release|Any CPU = Release|Any CPU
	EndGlobalSection
	GlobalSection(ProjectConfigurationPlatforms) = postSolution
		{484A8217-DD6B-4E8F-B47E-F1F64D03BBB6}.Debug|Any CPU.ActiveCfg = Debug|Any CPU
		{484A8217-DD6B-4E8F-B47E-F1F64D03BBB6}.Debug|Any CPU.Build.0 = Debug|Any CPU
		{484A8217-DD6B-4E8F-B47E-F1F64D03BBB6}.EasyTest|Any CPU.ActiveCfg = EasyTest|Any CPU
		{484A8217-DD6B-4E8F-B47E-F1F64D03BBB6}.EasyTest|Any CPU.Build.0 = EasyTest|Any CPU
		{484A8217-DD6B-4E8F-B47E-F1F64D03BBB6}.Release|Any CPU.ActiveCfg = Release|Any CPU
		{484A8217-DD6B-4E8F-B47E-F1F64D03BBB6}.Release|Any CPU.Build.0 = Release|Any CPU
		{A1D8532E-17AD-4DB0-9660-F2DB4EBDFC6A}.Debug|Any CPU.ActiveCfg = Debug|Any CPU
		{A1D8532E-17AD-4DB0-9660-F2DB4EBDFC6A}.Debug|Any CPU.Build.0 = Debug|Any CPU
		{A1D8532E-17AD-4DB0-9660-F2DB4EBDFC6A}.EasyTest|Any CPU.ActiveCfg = EasyTest|Any CPU
		{A1D8532E-17AD-4DB0-9660-F2DB4EBDFC6A}.EasyTest|Any CPU.Build.0 = EasyTest|Any CPU
		{A1D8532E-17AD-4DB0-9660-F2DB4EBDFC6A}.Release|Any CPU.ActiveCfg = Release|Any CPU
		{A1D8532E-17AD-4DB0-9660-F2DB4EBDFC6A}.Release|Any CPU.Build.0 = Release|Any CPU
		{9DFE1DBF-57B9-40F0-B736-9A4EE6FE10AE}.Debug|Any CPU.ActiveCfg = Debug|Any CPU
		{9DFE1DBF-57B9-40F0-B736-9A4EE6FE10AE}.Debug|Any CPU.Build.0 = Debug|Any CPU
		{9DFE1DBF-57B9-40F0-B736-9A4EE6FE10AE}.EasyTest|Any CPU.ActiveCfg = EasyTest|Any CPU
		{9DFE1DBF-57B9-40F0-B736-9A4EE6FE10AE}.EasyTest|Any CPU.Build.0 = EasyTest|Any CPU
		{9DFE1DBF-57B9-40F0-B736-9A4EE6FE10AE}.Release|Any CPU.ActiveCfg = Release|Any CPU
		{9DFE1DBF-57B9-40F0-B736-9A4EE6FE10AE}.Release|Any CPU.Build.0 = Release|Any CPU
		{88B79C9A-D386-4F1A-A63C-0E9243DFE2C3}.Debug|Any CPU.ActiveCfg = Debug|Any CPU
		{88B79C9A-D386-4F1A-A63C-0E9243DFE2C3}.Debug|Any CPU.Build.0 = Debug|Any CPU
		{88B79C9A-D386-4F1A-A63C-0E9243DFE2C3}.EasyTest|Any CPU.ActiveCfg = EasyTest|Any CPU
		{88B79C9A-D386-4F1A-A63C-0E9243DFE2C3}.EasyTest|Any CPU.Build.0 = EasyTest|Any CPU
		{88B79C9A-D386-4F1A-A63C-0E9243DFE2C3}.Release|Any CPU.ActiveCfg = Release|Any CPU
		{88B79C9A-D386-4F1A-A63C-0E9243DFE2C3}.Release|Any CPU.Build.0 = Release|Any CPU
	EndGlobalSection
	GlobalSection(SolutionProperties) = preSolution
		HideSolutionNode = FALSE
	EndGlobalSection
EndGlobal
