
Microsoft Visual Studio Solution File, Format Version 12.00
# Visual Studio Version 17
VisualStudioVersion = 17.4.33103.184
MinimumVisualStudioVersion = 10.0.40219.1
Project("{9A19103F-16F7-4668-BE54-9A1E7A4F7556}") = "GenerateUserFriendlyId.Blazor.Server", "GenerateUserFriendlyId.Blazor.Server\GenerateUserFriendlyId.Blazor.Server.csproj", "{17BD8B24-E0B2-4AB4-801A-D951781671B9}"
EndProject
Project("{9A19103F-16F7-4668-BE54-9A1E7A4F7556}") = "GenerateUserFriendlyId.Module", "GenerateUserFriendlyId.Module\GenerateUserFriendlyId.Module.csproj", "{9711F960-BABB-43C9-BD22-756C27E199D4}"
EndProject
Project("{9A19103F-16F7-4668-BE54-9A1E7A4F7556}") = "GenerateUserFriendlyId.Win", "GenerateUserFriendlyId.Win\GenerateUserFriendlyId.Win.csproj", "{F5B3111B-3F5E-4659-ACC1-84CA212CF010}"
EndProject

Global
	GlobalSection(SolutionConfigurationPlatforms) = preSolution
		Debug|Any CPU = Debug|Any CPU
		EasyTest|Any CPU = EasyTest|Any CPU
		Release|Any CPU = Release|Any CPU
	EndGlobalSection
	GlobalSection(ProjectConfigurationPlatforms) = postSolution
		{9711F960-BABB-43C9-BD22-756C27E199D4}.Debug|Any CPU.ActiveCfg = Debug|Any CPU
		{9711F960-BABB-43C9-BD22-756C27E199D4}.Debug|Any CPU.Build.0 = Debug|Any CPU
		{9711F960-BABB-43C9-BD22-756C27E199D4}.EasyTest|Any CPU.ActiveCfg = EasyTest|Any CPU
		{9711F960-BABB-43C9-BD22-756C27E199D4}.EasyTest|Any CPU.Build.0 = EasyTest|Any CPU
		{9711F960-BABB-43C9-BD22-756C27E199D4}.Release|Any CPU.ActiveCfg = Release|Any CPU
		{9711F960-BABB-43C9-BD22-756C27E199D4}.Release|Any CPU.Build.0 = Release|Any CPU
		{F5B3111B-3F5E-4659-ACC1-84CA212CF010}.Debug|Any CPU.ActiveCfg = Debug|Any CPU
		{F5B3111B-3F5E-4659-ACC1-84CA212CF010}.Debug|Any CPU.Build.0 = Debug|Any CPU
		{F5B3111B-3F5E-4659-ACC1-84CA212CF010}.EasyTest|Any CPU.ActiveCfg = EasyTest|Any CPU
		{F5B3111B-3F5E-4659-ACC1-84CA212CF010}.EasyTest|Any CPU.Build.0 = EasyTest|Any CPU
		{F5B3111B-3F5E-4659-ACC1-84CA212CF010}.Release|Any CPU.ActiveCfg = Release|Any CPU
		{F5B3111B-3F5E-4659-ACC1-84CA212CF010}.Release|Any CPU.Build.0 = Release|Any CPU
		{17BD8B24-E0B2-4AB4-801A-D951781671B9}.Debug|Any CPU.ActiveCfg = Debug|Any CPU
		{17BD8B24-E0B2-4AB4-801A-D951781671B9}.Debug|Any CPU.Build.0 = Debug|Any CPU
		{17BD8B24-E0B2-4AB4-801A-D951781671B9}.EasyTest|Any CPU.ActiveCfg = EasyTest|Any CPU
		{17BD8B24-E0B2-4AB4-801A-D951781671B9}.EasyTest|Any CPU.Build.0 = EasyTest|Any CPU
		{17BD8B24-E0B2-4AB4-801A-D951781671B9}.Release|Any CPU.ActiveCfg = Release|Any CPU
		{17BD8B24-E0B2-4AB4-801A-D951781671B9}.Release|Any CPU.Build.0 = Release|Any CPU
	EndGlobalSection
	GlobalSection(SolutionProperties) = preSolution
		HideSolutionNode = FALSE
	EndGlobalSection
	GlobalSection(ExtensibilityGlobals) = postSolution
		SolutionGuid = {E9264833-BB99-4F12-9E09-2A7FEA364248}
	EndGlobalSection
EndGlobal
